// !$*UTF8*$!
{
	archiveVersion = 1;
	classes = {
	};
	objectVersion = 52;
	objects = {

/* Begin PBXBuildFile section */
		2AE17A1F24EA6F8A0073AA3D /* AppDelegate.swift in Sources */ = {isa = PBXBuildFile; fileRef = 2AE17A1E24EA6F8A0073AA3D /* AppDelegate.swift */; };
		2AE17A2124EA6F8A0073AA3D /* SceneDelegate.swift in Sources */ = {isa = PBXBuildFile; fileRef = 2AE17A2024EA6F8A0073AA3D /* SceneDelegate.swift */; };
		2AE17A2324EA6F8A0073AA3D /* ViewController.swift in Sources */ = {isa = PBXBuildFile; fileRef = 2AE17A2224EA6F8A0073AA3D /* ViewController.swift */; };
		2AE17A2824EA6F8C0073AA3D /* Assets.xcassets in Resources */ = {isa = PBXBuildFile; fileRef = 2AE17A2724EA6F8C0073AA3D /* Assets.xcassets */; };
		2AE17A2B24EA6F8C0073AA3D /* LaunchScreen.storyboard in Resources */ = {isa = PBXBuildFile; fileRef = 2AE17A2924EA6F8C0073AA3D /* LaunchScreen.storyboard */; };
		2AE17A3424EA75580073AA3D /* SnapKit in Frameworks */ = {isa = PBXBuildFile; productRef = 2AE17A3324EA75580073AA3D /* SnapKit */; };
		2AE17A3724EA77570073AA3D /* MyTestView.swift in Sources */ = {isa = PBXBuildFile; fileRef = 2AE17A3624EA77570073AA3D /* MyTestView.swift */; };
		2AE17A3924EA86810073AA3D /* UIViewConfiguration.swift in Sources */ = {isa = PBXBuildFile; fileRef = 2AE17A3824EA86810073AA3D /* UIViewConfiguration.swift */; };
		2AE17A3B24EA89490073AA3D /* GMKBoardView.swift in Sources */ = {isa = PBXBuildFile; fileRef = 2AE17A3A24EA89490073AA3D /* GMKBoardView.swift */; };
		2AE17A3E24EAAA110073AA3D /* GMKCellPos.swift in Sources */ = {isa = PBXBuildFile; fileRef = 2AE17A3D24EAAA110073AA3D /* GMKCellPos.swift */; };
		2AE17A4024EAAA1B0073AA3D /* GMKCellState.swift in Sources */ = {isa = PBXBuildFile; fileRef = 2AE17A3F24EAAA1B0073AA3D /* GMKCellState.swift */; };
		2AE17A4224EAB5790073AA3D /* GMKRound.swift in Sources */ = {isa = PBXBuildFile; fileRef = 2AE17A4124EAB5790073AA3D /* GMKRound.swift */; };
		2AE17A4424EAB7400073AA3D /* GMKPieceColor.swift in Sources */ = {isa = PBXBuildFile; fileRef = 2AE17A4324EAB7400073AA3D /* GMKPieceColor.swift */; };
		2AE17A4624EAB8220073AA3D /* GMKRoundEvent.swift in Sources */ = {isa = PBXBuildFile; fileRef = 2AE17A4524EAB8220073AA3D /* GMKRoundEvent.swift */; };
		2AE17A4A24EAB9BA0073AA3D /* GMKRoundState.swift in Sources */ = {isa = PBXBuildFile; fileRef = 2AE17A4924EAB9BA0073AA3D /* GMKRoundState.swift */; };
/* End PBXBuildFile section */

/* Begin PBXFileReference section */
		2AE17A1B24EA6F8A0073AA3D /* gomoku-ios.app */ = {isa = PBXFileReference; explicitFileType = wrapper.application; includeInIndex = 0; path = "gomoku-ios.app"; sourceTree = BUILT_PRODUCTS_DIR; };
		2AE17A1E24EA6F8A0073AA3D /* AppDelegate.swift */ = {isa = PBXFileReference; lastKnownFileType = sourcecode.swift; path = AppDelegate.swift; sourceTree = "<group>"; };
		2AE17A2024EA6F8A0073AA3D /* SceneDelegate.swift */ = {isa = PBXFileReference; lastKnownFileType = sourcecode.swift; path = SceneDelegate.swift; sourceTree = "<group>"; };
		2AE17A2224EA6F8A0073AA3D /* ViewController.swift */ = {isa = PBXFileReference; lastKnownFileType = sourcecode.swift; path = ViewController.swift; sourceTree = "<group>"; };
		2AE17A2724EA6F8C0073AA3D /* Assets.xcassets */ = {isa = PBXFileReference; lastKnownFileType = folder.assetcatalog; path = Assets.xcassets; sourceTree = "<group>"; };
		2AE17A2A24EA6F8C0073AA3D /* Base */ = {isa = PBXFileReference; lastKnownFileType = file.storyboard; name = Base; path = Base.lproj/LaunchScreen.storyboard; sourceTree = "<group>"; };
		2AE17A2C24EA6F8C0073AA3D /* Info.plist */ = {isa = PBXFileReference; lastKnownFileType = text.plist.xml; path = Info.plist; sourceTree = "<group>"; };
		2AE17A3624EA77570073AA3D /* MyTestView.swift */ = {isa = PBXFileReference; lastKnownFileType = sourcecode.swift; path = MyTestView.swift; sourceTree = "<group>"; };
		2AE17A3824EA86810073AA3D /* UIViewConfiguration.swift */ = {isa = PBXFileReference; lastKnownFileType = sourcecode.swift; path = UIViewConfiguration.swift; sourceTree = "<group>"; };
		2AE17A3A24EA89490073AA3D /* GMKBoardView.swift */ = {isa = PBXFileReference; lastKnownFileType = sourcecode.swift; path = GMKBoardView.swift; sourceTree = "<group>"; };
		2AE17A3D24EAAA110073AA3D /* GMKCellPos.swift */ = {isa = PBXFileReference; lastKnownFileType = sourcecode.swift; path = GMKCellPos.swift; sourceTree = "<group>"; };
		2AE17A3F24EAAA1B0073AA3D /* GMKCellState.swift */ = {isa = PBXFileReference; lastKnownFileType = sourcecode.swift; path = GMKCellState.swift; sourceTree = "<group>"; };
		2AE17A4124EAB5790073AA3D /* GMKRound.swift */ = {isa = PBXFileReference; lastKnownFileType = sourcecode.swift; path = GMKRound.swift; sourceTree = "<group>"; };
		2AE17A4324EAB7400073AA3D /* GMKPieceColor.swift */ = {isa = PBXFileReference; lastKnownFileType = sourcecode.swift; path = GMKPieceColor.swift; sourceTree = "<group>"; };
		2AE17A4524EAB8220073AA3D /* GMKRoundEvent.swift */ = {isa = PBXFileReference; lastKnownFileType = sourcecode.swift; path = GMKRoundEvent.swift; sourceTree = "<group>"; };
		2AE17A4924EAB9BA0073AA3D /* GMKRoundState.swift */ = {isa = PBXFileReference; lastKnownFileType = sourcecode.swift; path = GMKRoundState.swift; sourceTree = "<group>"; };
/* End PBXFileReference section */

/* Begin PBXFrameworksBuildPhase section */
		2AE17A1824EA6F8A0073AA3D /* Frameworks */ = {
			isa = PBXFrameworksBuildPhase;
			buildActionMask = 2147483647;
			files = (
				2AE17A3424EA75580073AA3D /* SnapKit in Frameworks */,
			);
			runOnlyForDeploymentPostprocessing = 0;
		};
/* End PBXFrameworksBuildPhase section */

/* Begin PBXGroup section */
		2AE17A1224EA6F8A0073AA3D = {
			isa = PBXGroup;
			children = (
				2AE17A1D24EA6F8A0073AA3D /* gomoku-ios */,
				2AE17A1C24EA6F8A0073AA3D /* Products */,
			);
			sourceTree = "<group>";
		};
		2AE17A1C24EA6F8A0073AA3D /* Products */ = {
			isa = PBXGroup;
			children = (
				2AE17A1B24EA6F8A0073AA3D /* gomoku-ios.app */,
			);
			name = Products;
			sourceTree = "<group>";
		};
		2AE17A1D24EA6F8A0073AA3D /* gomoku-ios */ = {
			isa = PBXGroup;
			children = (
				2AE17A3C24EAA9F60073AA3D /* model */,
				2AE17A3524EA772D0073AA3D /* view */,
				2AE17A1E24EA6F8A0073AA3D /* AppDelegate.swift */,
				2AE17A2024EA6F8A0073AA3D /* SceneDelegate.swift */,
				2AE17A2224EA6F8A0073AA3D /* ViewController.swift */,
				2AE17A2724EA6F8C0073AA3D /* Assets.xcassets */,
				2AE17A2924EA6F8C0073AA3D /* LaunchScreen.storyboard */,
				2AE17A2C24EA6F8C0073AA3D /* Info.plist */,
			);
			path = "gomoku-ios";
			sourceTree = "<group>";
		};
		2AE17A3524EA772D0073AA3D /* view */ = {
			isa = PBXGroup;
			children = (
				2AE17A3624EA77570073AA3D /* MyTestView.swift */,
				2AE17A3824EA86810073AA3D /* UIViewConfiguration.swift */,
				2AE17A3A24EA89490073AA3D /* GMKBoardView.swift */,
			);
			path = view;
			sourceTree = "<group>";
		};
		2AE17A3C24EAA9F60073AA3D /* model */ = {
			isa = PBXGroup;
			children = (
				2AE17A3D24EAAA110073AA3D /* GMKCellPos.swift */,
				2AE17A3F24EAAA1B0073AA3D /* GMKCellState.swift */,
				2AE17A4324EAB7400073AA3D /* GMKPieceColor.swift */,
				2AE17A4124EAB5790073AA3D /* GMKRound.swift */,
				2AE17A4524EAB8220073AA3D /* GMKRoundEvent.swift */,
				2AE17A4924EAB9BA0073AA3D /* GMKRoundState.swift */,
			);
			path = model;
			sourceTree = "<group>";
		};
/* End PBXGroup section */

/* Begin PBXNativeTarget section */
		2AE17A1A24EA6F8A0073AA3D /* gomoku-ios */ = {
			isa = PBXNativeTarget;
			buildConfigurationList = 2AE17A2F24EA6F8C0073AA3D /* Build configuration list for PBXNativeTarget "gomoku-ios" */;
			buildPhases = (
				2AE17A1724EA6F8A0073AA3D /* Sources */,
				2AE17A1824EA6F8A0073AA3D /* Frameworks */,
				2AE17A1924EA6F8A0073AA3D /* Resources */,
			);
			buildRules = (
			);
			dependencies = (
			);
			name = "gomoku-ios";
			packageProductDependencies = (
				2AE17A3324EA75580073AA3D /* SnapKit */,
			);
			productName = "gomoku-ios";
			productReference = 2AE17A1B24EA6F8A0073AA3D /* gomoku-ios.app */;
			productType = "com.apple.product-type.application";
		};
/* End PBXNativeTarget section */

/* Begin PBXProject section */
		2AE17A1324EA6F8A0073AA3D /* Project object */ = {
			isa = PBXProject;
			attributes = {
				LastSwiftUpdateCheck = 1160;
				LastUpgradeCheck = 1160;
				ORGANIZATIONNAME = "Kim Seungha";
				TargetAttributes = {
					2AE17A1A24EA6F8A0073AA3D = {
						CreatedOnToolsVersion = 11.6;
					};
				};
			};
			buildConfigurationList = 2AE17A1624EA6F8A0073AA3D /* Build configuration list for PBXProject "gomoku-ios" */;
			compatibilityVersion = "Xcode 9.3";
			developmentRegion = en;
			hasScannedForEncodings = 0;
			knownRegions = (
				en,
				Base,
			);
			mainGroup = 2AE17A1224EA6F8A0073AA3D;
			packageReferences = (
				2AE17A3224EA75580073AA3D /* XCRemoteSwiftPackageReference "SnapKit" */,
			);
			productRefGroup = 2AE17A1C24EA6F8A0073AA3D /* Products */;
			projectDirPath = "";
			projectRoot = "";
			targets = (
				2AE17A1A24EA6F8A0073AA3D /* gomoku-ios */,
			);
		};
/* End PBXProject section */

/* Begin PBXResourcesBuildPhase section */
		2AE17A1924EA6F8A0073AA3D /* Resources */ = {
			isa = PBXResourcesBuildPhase;
			buildActionMask = 2147483647;
			files = (
				2AE17A2B24EA6F8C0073AA3D /* LaunchScreen.storyboard in Resources */,
				2AE17A2824EA6F8C0073AA3D /* Assets.xcassets in Resources */,
			);
			runOnlyForDeploymentPostprocessing = 0;
		};
/* End PBXResourcesBuildPhase section */

/* Begin PBXSourcesBuildPhase section */
		2AE17A1724EA6F8A0073AA3D /* Sources */ = {
			isa = PBXSourcesBuildPhase;
			buildActionMask = 2147483647;
			files = (
				2AE17A3B24EA89490073AA3D /* GMKBoardView.swift in Sources */,
				2AE17A3E24EAAA110073AA3D /* GMKCellPos.swift in Sources */,
				2AE17A4224EAB5790073AA3D /* GMKRound.swift in Sources */,
				2AE17A3724EA77570073AA3D /* MyTestView.swift in Sources */,
				2AE17A3924EA86810073AA3D /* UIViewConfiguration.swift in Sources */,
				2AE17A4624EAB8220073AA3D /* GMKRoundEvent.swift in Sources */,
				2AE17A4A24EAB9BA0073AA3D /* GMKRoundState.swift in Sources */,
				2AE17A2324EA6F8A0073AA3D /* ViewController.swift in Sources */,
				2AE17A4024EAAA1B0073AA3D /* GMKCellState.swift in Sources */,
				2AE17A1F24EA6F8A0073AA3D /* AppDelegate.swift in Sources */,
				2AE17A2124EA6F8A0073AA3D /* SceneDelegate.swift in Sources */,
				2AE17A4424EAB7400073AA3D /* GMKPieceColor.swift in Sources */,
			);
			runOnlyForDeploymentPostprocessing = 0;
		};
/* End PBXSourcesBuildPhase section */

/* Begin PBXVariantGroup section */
		2AE17A2924EA6F8C0073AA3D /* LaunchScreen.storyboard */ = {
			isa = PBXVariantGroup;
			children = (
				2AE17A2A24EA6F8C0073AA3D /* Base */,
			);
			name = LaunchScreen.storyboard;
			sourceTree = "<group>";
		};
/* End PBXVariantGroup section */

/* Begin XCBuildConfiguration section */
		2AE17A2D24EA6F8C0073AA3D /* Debug */ = {
			isa = XCBuildConfiguration;
			buildSettings = {
				ALWAYS_SEARCH_USER_PATHS = NO;
				CLANG_ANALYZER_NONNULL = YES;
				CLANG_ANALYZER_NUMBER_OBJECT_CONVERSION = YES_AGGRESSIVE;
				CLANG_CXX_LANGUAGE_STANDARD = "gnu++14";
				CLANG_CXX_LIBRARY = "libc++";
				CLANG_ENABLE_MODULES = YES;
				CLANG_ENABLE_OBJC_ARC = YES;
				CLANG_ENABLE_OBJC_WEAK = YES;
				CLANG_WARN_BLOCK_CAPTURE_AUTORELEASING = YES;
				CLANG_WARN_BOOL_CONVERSION = YES;
				CLANG_WARN_COMMA = YES;
				CLANG_WARN_CONSTANT_CONVERSION = YES;
				CLANG_WARN_DEPRECATED_OBJC_IMPLEMENTATIONS = YES;
				CLANG_WARN_DIRECT_OBJC_ISA_USAGE = YES_ERROR;
				CLANG_WARN_DOCUMENTATION_COMMENTS = YES;
				CLANG_WARN_EMPTY_BODY = YES;
				CLANG_WARN_ENUM_CONVERSION = YES;
				CLANG_WARN_INFINITE_RECURSION = YES;
				CLANG_WARN_INT_CONVERSION = YES;
				CLANG_WARN_NON_LITERAL_NULL_CONVERSION = YES;
				CLANG_WARN_OBJC_IMPLICIT_RETAIN_SELF = YES;
				CLANG_WARN_OBJC_LITERAL_CONVERSION = YES;
				CLANG_WARN_OBJC_ROOT_CLASS = YES_ERROR;
				CLANG_WARN_RANGE_LOOP_ANALYSIS = YES;
				CLANG_WARN_STRICT_PROTOTYPES = YES;
				CLANG_WARN_SUSPICIOUS_MOVE = YES;
				CLANG_WARN_UNGUARDED_AVAILABILITY = YES_AGGRESSIVE;
				CLANG_WARN_UNREACHABLE_CODE = YES;
				CLANG_WARN__DUPLICATE_METHOD_MATCH = YES;
				COPY_PHASE_STRIP = NO;
				DEBUG_INFORMATION_FORMAT = dwarf;
				ENABLE_STRICT_OBJC_MSGSEND = YES;
				ENABLE_TESTABILITY = YES;
				GCC_C_LANGUAGE_STANDARD = gnu11;
				GCC_DYNAMIC_NO_PIC = NO;
				GCC_NO_COMMON_BLOCKS = YES;
				GCC_OPTIMIZATION_LEVEL = 0;
				GCC_PREPROCESSOR_DEFINITIONS = (
					"DEBUG=1",
					"$(inherited)",
				);
				GCC_WARN_64_TO_32_BIT_CONVERSION = YES;
				GCC_WARN_ABOUT_RETURN_TYPE = YES_ERROR;
				GCC_WARN_UNDECLARED_SELECTOR = YES;
				GCC_WARN_UNINITIALIZED_AUTOS = YES_AGGRESSIVE;
				GCC_WARN_UNUSED_FUNCTION = YES;
				GCC_WARN_UNUSED_VARIABLE = YES;
				IPHONEOS_DEPLOYMENT_TARGET = 13.6;
				MTL_ENABLE_DEBUG_INFO = INCLUDE_SOURCE;
				MTL_FAST_MATH = YES;
				ONLY_ACTIVE_ARCH = YES;
				SDKROOT = iphoneos;
				SWIFT_ACTIVE_COMPILATION_CONDITIONS = DEBUG;
				SWIFT_OPTIMIZATION_LEVEL = "-Onone";
			};
			name = Debug;
		};
		2AE17A2E24EA6F8C0073AA3D /* Release */ = {
			isa = XCBuildConfiguration;
			buildSettings = {
				ALWAYS_SEARCH_USER_PATHS = NO;
				CLANG_ANALYZER_NONNULL = YES;
				CLANG_ANALYZER_NUMBER_OBJECT_CONVERSION = YES_AGGRESSIVE;
				CLANG_CXX_LANGUAGE_STANDARD = "gnu++14";
				CLANG_CXX_LIBRARY = "libc++";
				CLANG_ENABLE_MODULES = YES;
				CLANG_ENABLE_OBJC_ARC = YES;
				CLANG_ENABLE_OBJC_WEAK = YES;
				CLANG_WARN_BLOCK_CAPTURE_AUTORELEASING = YES;
				CLANG_WARN_BOOL_CONVERSION = YES;
				CLANG_WARN_COMMA = YES;
				CLANG_WARN_CONSTANT_CONVERSION = YES;
				CLANG_WARN_DEPRECATED_OBJC_IMPLEMENTATIONS = YES;
				CLANG_WARN_DIRECT_OBJC_ISA_USAGE = YES_ERROR;
				CLANG_WARN_DOCUMENTATION_COMMENTS = YES;
				CLANG_WARN_EMPTY_BODY = YES;
				CLANG_WARN_ENUM_CONVERSION = YES;
				CLANG_WARN_INFINITE_RECURSION = YES;
				CLANG_WARN_INT_CONVERSION = YES;
				CLANG_WARN_NON_LITERAL_NULL_CONVERSION = YES;
				CLANG_WARN_OBJC_IMPLICIT_RETAIN_SELF = YES;
				CLANG_WARN_OBJC_LITERAL_CONVERSION = YES;
				CLANG_WARN_OBJC_ROOT_CLASS = YES_ERROR;
				CLANG_WARN_RANGE_LOOP_ANALYSIS = YES;
				CLANG_WARN_STRICT_PROTOTYPES = YES;
				CLANG_WARN_SUSPICIOUS_MOVE = YES;
				CLANG_WARN_UNGUARDED_AVAILABILITY = YES_AGGRESSIVE;
				CLANG_WARN_UNREACHABLE_CODE = YES;
				CLANG_WARN__DUPLICATE_METHOD_MATCH = YES;
				COPY_PHASE_STRIP = NO;
				DEBUG_INFORMATION_FORMAT = "dwarf-with-dsym";
				ENABLE_NS_ASSERTIONS = NO;
				ENABLE_STRICT_OBJC_MSGSEND = YES;
				GCC_C_LANGUAGE_STANDARD = gnu11;
				GCC_NO_COMMON_BLOCKS = YES;
				GCC_WARN_64_TO_32_BIT_CONVERSION = YES;
				GCC_WARN_ABOUT_RETURN_TYPE = YES_ERROR;
				GCC_WARN_UNDECLARED_SELECTOR = YES;
				GCC_WARN_UNINITIALIZED_AUTOS = YES_AGGRESSIVE;
				GCC_WARN_UNUSED_FUNCTION = YES;
				GCC_WARN_UNUSED_VARIABLE = YES;
				IPHONEOS_DEPLOYMENT_TARGET = 13.6;
				MTL_ENABLE_DEBUG_INFO = NO;
				MTL_FAST_MATH = YES;
				SDKROOT = iphoneos;
				SWIFT_COMPILATION_MODE = wholemodule;
				SWIFT_OPTIMIZATION_LEVEL = "-O";
				VALIDATE_PRODUCT = YES;
			};
			name = Release;
		};
		2AE17A3024EA6F8C0073AA3D /* Debug */ = {
			isa = XCBuildConfiguration;
			buildSettings = {
				ASSETCATALOG_COMPILER_APPICON_NAME = AppIcon;
				CODE_SIGN_STYLE = Automatic;
				DEVELOPMENT_TEAM = BDN4KLVAKZ;
				INFOPLIST_FILE = "gomoku-ios/Info.plist";
				LD_RUNPATH_SEARCH_PATHS = (
					"$(inherited)",
					"@executable_path/Frameworks",
				);
				PRODUCT_BUNDLE_IDENTIFIER = "me.seungha.gomoku-ios";
				PRODUCT_NAME = "$(TARGET_NAME)";
				SWIFT_VERSION = 5.0;
				TARGETED_DEVICE_FAMILY = "1,2";
			};
			name = Debug;
		};
		2AE17A3124EA6F8C0073AA3D /* Release */ = {
			isa = XCBuildConfiguration;
			buildSettings = {
				ASSETCATALOG_COMPILER_APPICON_NAME = AppIcon;
				CODE_SIGN_STYLE = Automatic;
				DEVELOPMENT_TEAM = BDN4KLVAKZ;
				INFOPLIST_FILE = "gomoku-ios/Info.plist";
				LD_RUNPATH_SEARCH_PATHS = (
					"$(inherited)",
					"@executable_path/Frameworks",
				);
				PRODUCT_BUNDLE_IDENTIFIER = "me.seungha.gomoku-ios";
				PRODUCT_NAME = "$(TARGET_NAME)";
				SWIFT_VERSION = 5.0;
				TARGETED_DEVICE_FAMILY = "1,2";
			};
			name = Release;
		};
/* End XCBuildConfiguration section */

/* Begin XCConfigurationList section */
		2AE17A1624EA6F8A0073AA3D /* Build configuration list for PBXProject "gomoku-ios" */ = {
			isa = XCConfigurationList;
			buildConfigurations = (
				2AE17A2D24EA6F8C0073AA3D /* Debug */,
				2AE17A2E24EA6F8C0073AA3D /* Release */,
			);
			defaultConfigurationIsVisible = 0;
			defaultConfigurationName = Release;
		};
		2AE17A2F24EA6F8C0073AA3D /* Build configuration list for PBXNativeTarget "gomoku-ios" */ = {
			isa = XCConfigurationList;
			buildConfigurations = (
				2AE17A3024EA6F8C0073AA3D /* Debug */,
				2AE17A3124EA6F8C0073AA3D /* Release */,
			);
			defaultConfigurationIsVisible = 0;
			defaultConfigurationName = Release;
		};
/* End XCConfigurationList section */

/* Begin XCRemoteSwiftPackageReference section */
		2AE17A3224EA75580073AA3D /* XCRemoteSwiftPackageReference "SnapKit" */ = {
			isa = XCRemoteSwiftPackageReference;
			repositoryURL = "https://github.com/SnapKit/SnapKit";
			requirement = {
				kind = upToNextMajorVersion;
				minimumVersion = 5.0.1;
			};
		};
/* End XCRemoteSwiftPackageReference section */

/* Begin XCSwiftPackageProductDependency section */
		2AE17A3324EA75580073AA3D /* SnapKit */ = {
			isa = XCSwiftPackageProductDependency;
			package = 2AE17A3224EA75580073AA3D /* XCRemoteSwiftPackageReference "SnapKit" */;
			productName = SnapKit;
		};
/* End XCSwiftPackageProductDependency section */
	};
	rootObject = 2AE17A1324EA6F8A0073AA3D /* Project object */;
}
